// !$*UTF8*$!
{
	archiveVersion = 1;
	classes = {
	};
	objectVersion = 56;
	objects = {

/* Begin PBXBuildFile section */
		0ED2BDDA8B6D69DB4FC19882 /* Pods_Jumpeak.framework in Frameworks */ = {isa = PBXBuildFile; fileRef = 884A4C8B067B5F2977DF36F9 /* Pods_Jumpeak.framework */; };
		9E5886E829EECE640010CE62 /* UnregistredUsers.swift in Sources */ = {isa = PBXBuildFile; fileRef = 9E5886E729EECE640010CE62 /* UnregistredUsers.swift */; };
		9E5886EB29EED1240010CE62 /* DefaultState.swift in Sources */ = {isa = PBXBuildFile; fileRef = 9E5886EA29EED1240010CE62 /* DefaultState.swift */; };
		9E7325DF29F6D56300D5D002 /* InfoView.swift in Sources */ = {isa = PBXBuildFile; fileRef = 9E7325DE29F6D56300D5D002 /* InfoView.swift */; };
		9E7325E129F6DDA800D5D002 /* LayoutTags.swift in Sources */ = {isa = PBXBuildFile; fileRef = 9E7325E029F6DDA800D5D002 /* LayoutTags.swift */; };
		9E7325F229F822AE00D5D002 /* SkillsStepView.swift in Sources */ = {isa = PBXBuildFile; fileRef = 9E7325F129F822AE00D5D002 /* SkillsStepView.swift */; };
		9E7325F429F8291900D5D002 /* SearchBarView.swift in Sources */ = {isa = PBXBuildFile; fileRef = 9E7325F329F8291900D5D002 /* SearchBarView.swift */; };
		9E7325F629F829AD00D5D002 /* FirstStepMainView.swift in Sources */ = {isa = PBXBuildFile; fileRef = 9E7325F529F829AD00D5D002 /* FirstStepMainView.swift */; };
		9E7325F829F82BBE00D5D002 /* HardSkillsService.swift in Sources */ = {isa = PBXBuildFile; fileRef = 9E7325F729F82BBE00D5D002 /* HardSkillsService.swift */; };
		9E7325FB29F82EF400D5D002 /* HardSkill.swift in Sources */ = {isa = PBXBuildFile; fileRef = 9E7325FA29F82EF400D5D002 /* HardSkill.swift */; };
		9E7325FE29F85FDA00D5D002 /* FirstStepViewModel.swift in Sources */ = {isa = PBXBuildFile; fileRef = 9E7325FD29F85FDA00D5D002 /* FirstStepViewModel.swift */; };
		9E7B1DC12A0843E500BA0241 /* SelectedDataUser.swift in Sources */ = {isa = PBXBuildFile; fileRef = 9E7B1DC02A0843E500BA0241 /* SelectedDataUser.swift */; };
		9E8B71B029F9AAE100BA4CD0 /* ProffesionsService.swift in Sources */ = {isa = PBXBuildFile; fileRef = 9E8B71AF29F9AAE100BA4CD0 /* ProffesionsService.swift */; };
		9E8B71B229F9AB1200BA4CD0 /* Proffession.swift in Sources */ = {isa = PBXBuildFile; fileRef = 9E8B71B129F9AB1200BA4CD0 /* Proffession.swift */; };
		9E8B71B429F9AB8300BA4CD0 /* SubjectService.swift in Sources */ = {isa = PBXBuildFile; fileRef = 9E8B71B329F9AB8300BA4CD0 /* SubjectService.swift */; };
		9E8B71B629F9ABA400BA4CD0 /* Subject.swift in Sources */ = {isa = PBXBuildFile; fileRef = 9E8B71B529F9ABA400BA4CD0 /* Subject.swift */; };
		9E8B71B829F9ABF900BA4CD0 /* SoftSkillsService.swift in Sources */ = {isa = PBXBuildFile; fileRef = 9E8B71B729F9ABF900BA4CD0 /* SoftSkillsService.swift */; };
		9E8B71BA29F9AC0800BA4CD0 /* SoftSkill.swift in Sources */ = {isa = PBXBuildFile; fileRef = 9E8B71B929F9AC0800BA4CD0 /* SoftSkill.swift */; };
		9EDD03B329E4085B00076E0B /* JumpeakApp.swift in Sources */ = {isa = PBXBuildFile; fileRef = 9EDD03B229E4085B00076E0B /* JumpeakApp.swift */; };
		9EDD03B729E4085C00076E0B /* Assets.xcassets in Resources */ = {isa = PBXBuildFile; fileRef = 9EDD03B629E4085C00076E0B /* Assets.xcassets */; };
		9EDD03C229E408D600076E0B /* Colors.xcassets in Resources */ = {isa = PBXBuildFile; fileRef = 9EDD03C129E408D600076E0B /* Colors.xcassets */; };
		9EDD03C729E40ACD00076E0B /* ApplicationAssembly.swift in Sources */ = {isa = PBXBuildFile; fileRef = 9EDD03C629E40ACD00076E0B /* ApplicationAssembly.swift */; };
		9EDD03CA29E40B3900076E0B /* swiftgen.yml in Resources */ = {isa = PBXBuildFile; fileRef = 9EDD03C929E40B3900076E0B /* swiftgen.yml */; };
		9EDD03CD29E40B7D00076E0B /* SessionService.swift in Sources */ = {isa = PBXBuildFile; fileRef = 9EDD03CC29E40B7D00076E0B /* SessionService.swift */; };
		9EDD03D029E40B9E00076E0B /* SessionState.swift in Sources */ = {isa = PBXBuildFile; fileRef = 9EDD03CF29E40B9E00076E0B /* SessionState.swift */; };
		9EDD03D229E40BC500076E0B /* FirebaseCollection.swift in Sources */ = {isa = PBXBuildFile; fileRef = 9EDD03D129E40BC500076E0B /* FirebaseCollection.swift */; };
		9EDD03D429E40BE300076E0B /* User.swift in Sources */ = {isa = PBXBuildFile; fileRef = 9EDD03D329E40BE300076E0B /* User.swift */; };
		9EDD03D729E40CCB00076E0B /* StartView.swift in Sources */ = {isa = PBXBuildFile; fileRef = 9EDD03D629E40CCB00076E0B /* StartView.swift */; };
		9EDD03DA29E40E6800076E0B /* GoogleService-Info.plist in Resources */ = {isa = PBXBuildFile; fileRef = 9EDD03D929E40E6700076E0B /* GoogleService-Info.plist */; };
		9EDD03DC29E40E8F00076E0B /* XCAssets+Generated.swift in Sources */ = {isa = PBXBuildFile; fileRef = 9EDD03DB29E40E8F00076E0B /* XCAssets+Generated.swift */; };
		9EDD03DF29E40F0A00076E0B /* Localizable.strings in Resources */ = {isa = PBXBuildFile; fileRef = 9EDD03E129E40F0A00076E0B /* Localizable.strings */; };
		9EDD03E529E40FEC00076E0B /* View+Extension.swift in Sources */ = {isa = PBXBuildFile; fileRef = 9EDD03E429E40FEC00076E0B /* View+Extension.swift */; };
		9EDD03E929E411CB00076E0B /* Strings+Generated.swift in Sources */ = {isa = PBXBuildFile; fileRef = 9EDD03E829E411CB00076E0B /* Strings+Generated.swift */; };
		9EDD03EC29E4192900076E0B /* AccentButton.swift in Sources */ = {isa = PBXBuildFile; fileRef = 9EDD03EB29E4192900076E0B /* AccentButton.swift */; };
		9EDD03EF29E41C5F00076E0B /* LoginView.swift in Sources */ = {isa = PBXBuildFile; fileRef = 9EDD03EE29E41C5F00076E0B /* LoginView.swift */; };
		9EDD03F129E424B200076E0B /* Image+Extensions.swift in Sources */ = {isa = PBXBuildFile; fileRef = 9EDD03F029E424B200076E0B /* Image+Extensions.swift */; };
		9EDD03F329E4251400076E0B /* BackBarButton.swift in Sources */ = {isa = PBXBuildFile; fileRef = 9EDD03F229E4251400076E0B /* BackBarButton.swift */; };
		9EDD03F529E426CB00076E0B /* CustomTextField.swift in Sources */ = {isa = PBXBuildFile; fileRef = 9EDD03F429E426CB00076E0B /* CustomTextField.swift */; };
		9EDD03F729E432BF00076E0B /* UIApplication+Extenstions.swift in Sources */ = {isa = PBXBuildFile; fileRef = 9EDD03F629E432BF00076E0B /* UIApplication+Extenstions.swift */; };
		9EDD03F929E438BD00076E0B /* LoginViewModel.swift in Sources */ = {isa = PBXBuildFile; fileRef = 9EDD03F829E438BD00076E0B /* LoginViewModel.swift */; };
		9EDD03FB29E440B900076E0B /* LoginCredentials.swift in Sources */ = {isa = PBXBuildFile; fileRef = 9EDD03FA29E440B900076E0B /* LoginCredentials.swift */; };
		9EDD03FD29E4411700076E0B /* AuthService.swift in Sources */ = {isa = PBXBuildFile; fileRef = 9EDD03FC29E4411700076E0B /* AuthService.swift */; };
		9EDD03FF29E4413800076E0B /* FirebaseCustomError.swift in Sources */ = {isa = PBXBuildFile; fileRef = 9EDD03FE29E4413800076E0B /* FirebaseCustomError.swift */; };
		9EDD040329E4440700076E0B /* ServiceAssembly.swift in Sources */ = {isa = PBXBuildFile; fileRef = 9EDD040229E4440700076E0B /* ServiceAssembly.swift */; };
		9EDD040529E4442B00076E0B /* ViewModelAssembly.swift in Sources */ = {isa = PBXBuildFile; fileRef = 9EDD040429E4442B00076E0B /* ViewModelAssembly.swift */; };
		9EF5BCD029EC863000742B53 /* RegistrationMainView.swift in Sources */ = {isa = PBXBuildFile; fileRef = 9EF5BCCF29EC863000742B53 /* RegistrationMainView.swift */; };
		9EF5BCD229EC86E700742B53 /* CircleEmojiView.swift in Sources */ = {isa = PBXBuildFile; fileRef = 9EF5BCD129EC86E700742B53 /* CircleEmojiView.swift */; };
		9EF5BCD429EC8C5A00742B53 /* RegistrationStepView.swift in Sources */ = {isa = PBXBuildFile; fileRef = 9EF5BCD329EC8C5A00742B53 /* RegistrationStepView.swift */; };
		9EF5BCD629EC944600742B53 /* CodeFieldsView.swift in Sources */ = {isa = PBXBuildFile; fileRef = 9EF5BCD529EC944600742B53 /* CodeFieldsView.swift */; };
		9EF5BCD829ED49A800742B53 /* ErrorView.swift in Sources */ = {isa = PBXBuildFile; fileRef = 9EF5BCD729ED49A800742B53 /* ErrorView.swift */; };
		9EF5BCDA29ED4CAE00742B53 /* PasswordStatusView.swift in Sources */ = {isa = PBXBuildFile; fileRef = 9EF5BCD929ED4CAE00742B53 /* PasswordStatusView.swift */; };
		9EF5BCEB29EDE46800742B53 /* TextField+Extensions.swift in Sources */ = {isa = PBXBuildFile; fileRef = 9EF5BCEA29EDE46800742B53 /* TextField+Extensions.swift */; };
		9EF5BCEE29EDE59E00742B53 /* RegistrationViewModel.swift in Sources */ = {isa = PBXBuildFile; fileRef = 9EF5BCED29EDE59E00742B53 /* RegistrationViewModel.swift */; };
/* End PBXBuildFile section */

/* Begin PBXFileReference section */
		58BBB7BCFD507D70010F53BD /* Pods-Jumpeak.debug.xcconfig */ = {isa = PBXFileReference; includeInIndex = 1; lastKnownFileType = text.xcconfig; name = "Pods-Jumpeak.debug.xcconfig"; path = "Target Support Files/Pods-Jumpeak/Pods-Jumpeak.debug.xcconfig"; sourceTree = "<group>"; };
		7F73D3A10375EF09B9DDCED0 /* Pods-Jumpeak.release.xcconfig */ = {isa = PBXFileReference; includeInIndex = 1; lastKnownFileType = text.xcconfig; name = "Pods-Jumpeak.release.xcconfig"; path = "Target Support Files/Pods-Jumpeak/Pods-Jumpeak.release.xcconfig"; sourceTree = "<group>"; };
		884A4C8B067B5F2977DF36F9 /* Pods_Jumpeak.framework */ = {isa = PBXFileReference; explicitFileType = wrapper.framework; includeInIndex = 0; path = Pods_Jumpeak.framework; sourceTree = BUILT_PRODUCTS_DIR; };
		9E5886E729EECE640010CE62 /* UnregistredUsers.swift */ = {isa = PBXFileReference; lastKnownFileType = sourcecode.swift; path = UnregistredUsers.swift; sourceTree = "<group>"; };
		9E5886EA29EED1240010CE62 /* DefaultState.swift */ = {isa = PBXFileReference; lastKnownFileType = sourcecode.swift; path = DefaultState.swift; sourceTree = "<group>"; };
		9E7325DE29F6D56300D5D002 /* InfoView.swift */ = {isa = PBXFileReference; lastKnownFileType = sourcecode.swift; path = InfoView.swift; sourceTree = "<group>"; };
		9E7325E029F6DDA800D5D002 /* LayoutTags.swift */ = {isa = PBXFileReference; lastKnownFileType = sourcecode.swift; path = LayoutTags.swift; sourceTree = "<group>"; };
		9E7325F129F822AE00D5D002 /* SkillsStepView.swift */ = {isa = PBXFileReference; lastKnownFileType = sourcecode.swift; path = SkillsStepView.swift; sourceTree = "<group>"; };
		9E7325F329F8291900D5D002 /* SearchBarView.swift */ = {isa = PBXFileReference; lastKnownFileType = sourcecode.swift; path = SearchBarView.swift; sourceTree = "<group>"; };
		9E7325F529F829AD00D5D002 /* FirstStepMainView.swift */ = {isa = PBXFileReference; lastKnownFileType = sourcecode.swift; path = FirstStepMainView.swift; sourceTree = "<group>"; };
		9E7325F729F82BBE00D5D002 /* HardSkillsService.swift */ = {isa = PBXFileReference; lastKnownFileType = sourcecode.swift; path = HardSkillsService.swift; sourceTree = "<group>"; };
		9E7325FA29F82EF400D5D002 /* HardSkill.swift */ = {isa = PBXFileReference; lastKnownFileType = sourcecode.swift; path = HardSkill.swift; sourceTree = "<group>"; };
		9E7325FD29F85FDA00D5D002 /* FirstStepViewModel.swift */ = {isa = PBXFileReference; lastKnownFileType = sourcecode.swift; path = FirstStepViewModel.swift; sourceTree = "<group>"; };
		9E7B1DC02A0843E500BA0241 /* SelectedDataUser.swift */ = {isa = PBXFileReference; lastKnownFileType = sourcecode.swift; path = SelectedDataUser.swift; sourceTree = "<group>"; };
		9E8B71AF29F9AAE100BA4CD0 /* ProffesionsService.swift */ = {isa = PBXFileReference; lastKnownFileType = sourcecode.swift; path = ProffesionsService.swift; sourceTree = "<group>"; };
		9E8B71B129F9AB1200BA4CD0 /* Proffession.swift */ = {isa = PBXFileReference; lastKnownFileType = sourcecode.swift; path = Proffession.swift; sourceTree = "<group>"; };
		9E8B71B329F9AB8300BA4CD0 /* SubjectService.swift */ = {isa = PBXFileReference; lastKnownFileType = sourcecode.swift; path = SubjectService.swift; sourceTree = "<group>"; };
		9E8B71B529F9ABA400BA4CD0 /* Subject.swift */ = {isa = PBXFileReference; lastKnownFileType = sourcecode.swift; path = Subject.swift; sourceTree = "<group>"; };
		9E8B71B729F9ABF900BA4CD0 /* SoftSkillsService.swift */ = {isa = PBXFileReference; lastKnownFileType = sourcecode.swift; path = SoftSkillsService.swift; sourceTree = "<group>"; };
		9E8B71B929F9AC0800BA4CD0 /* SoftSkill.swift */ = {isa = PBXFileReference; lastKnownFileType = sourcecode.swift; path = SoftSkill.swift; sourceTree = "<group>"; };
		9EDD03AF29E4085B00076E0B /* Jumpeak.app */ = {isa = PBXFileReference; explicitFileType = wrapper.application; includeInIndex = 0; path = Jumpeak.app; sourceTree = BUILT_PRODUCTS_DIR; };
		9EDD03B229E4085B00076E0B /* JumpeakApp.swift */ = {isa = PBXFileReference; lastKnownFileType = sourcecode.swift; path = JumpeakApp.swift; sourceTree = "<group>"; };
		9EDD03B629E4085C00076E0B /* Assets.xcassets */ = {isa = PBXFileReference; lastKnownFileType = folder.assetcatalog; path = Assets.xcassets; sourceTree = "<group>"; };
		9EDD03C129E408D600076E0B /* Colors.xcassets */ = {isa = PBXFileReference; lastKnownFileType = folder.assetcatalog; path = Colors.xcassets; sourceTree = "<group>"; };
		9EDD03C629E40ACD00076E0B /* ApplicationAssembly.swift */ = {isa = PBXFileReference; lastKnownFileType = sourcecode.swift; path = ApplicationAssembly.swift; sourceTree = "<group>"; };
		9EDD03C929E40B3900076E0B /* swiftgen.yml */ = {isa = PBXFileReference; fileEncoding = 4; lastKnownFileType = text.yaml; path = swiftgen.yml; sourceTree = "<group>"; };
		9EDD03CC29E40B7D00076E0B /* SessionService.swift */ = {isa = PBXFileReference; lastKnownFileType = sourcecode.swift; path = SessionService.swift; sourceTree = "<group>"; };
		9EDD03CF29E40B9E00076E0B /* SessionState.swift */ = {isa = PBXFileReference; lastKnownFileType = sourcecode.swift; path = SessionState.swift; sourceTree = "<group>"; };
		9EDD03D129E40BC500076E0B /* FirebaseCollection.swift */ = {isa = PBXFileReference; lastKnownFileType = sourcecode.swift; path = FirebaseCollection.swift; sourceTree = "<group>"; };
		9EDD03D329E40BE300076E0B /* User.swift */ = {isa = PBXFileReference; lastKnownFileType = sourcecode.swift; path = User.swift; sourceTree = "<group>"; };
		9EDD03D629E40CCB00076E0B /* StartView.swift */ = {isa = PBXFileReference; lastKnownFileType = sourcecode.swift; path = StartView.swift; sourceTree = "<group>"; };
		9EDD03D929E40E6700076E0B /* GoogleService-Info.plist */ = {isa = PBXFileReference; fileEncoding = 4; lastKnownFileType = text.plist.xml; path = "GoogleService-Info.plist"; sourceTree = "<group>"; };
		9EDD03DB29E40E8F00076E0B /* XCAssets+Generated.swift */ = {isa = PBXFileReference; fileEncoding = 4; lastKnownFileType = sourcecode.swift; path = "XCAssets+Generated.swift"; sourceTree = "<group>"; };
		9EDD03E029E40F0A00076E0B /* en */ = {isa = PBXFileReference; lastKnownFileType = text.plist.strings; name = en; path = en.lproj/Localizable.strings; sourceTree = "<group>"; };
		9EDD03E229E40F3000076E0B /* ru */ = {isa = PBXFileReference; lastKnownFileType = text.plist.strings; name = ru; path = ru.lproj/Localizable.strings; sourceTree = "<group>"; };
		9EDD03E429E40FEC00076E0B /* View+Extension.swift */ = {isa = PBXFileReference; lastKnownFileType = sourcecode.swift; path = "View+Extension.swift"; sourceTree = "<group>"; };
		9EDD03E829E411CB00076E0B /* Strings+Generated.swift */ = {isa = PBXFileReference; fileEncoding = 4; lastKnownFileType = sourcecode.swift; path = "Strings+Generated.swift"; sourceTree = "<group>"; };
		9EDD03EB29E4192900076E0B /* AccentButton.swift */ = {isa = PBXFileReference; lastKnownFileType = sourcecode.swift; path = AccentButton.swift; sourceTree = "<group>"; };
		9EDD03EE29E41C5F00076E0B /* LoginView.swift */ = {isa = PBXFileReference; lastKnownFileType = sourcecode.swift; path = LoginView.swift; sourceTree = "<group>"; };
		9EDD03F029E424B200076E0B /* Image+Extensions.swift */ = {isa = PBXFileReference; lastKnownFileType = sourcecode.swift; path = "Image+Extensions.swift"; sourceTree = "<group>"; };
		9EDD03F229E4251400076E0B /* BackBarButton.swift */ = {isa = PBXFileReference; lastKnownFileType = sourcecode.swift; path = BackBarButton.swift; sourceTree = "<group>"; };
		9EDD03F429E426CB00076E0B /* CustomTextField.swift */ = {isa = PBXFileReference; lastKnownFileType = sourcecode.swift; path = CustomTextField.swift; sourceTree = "<group>"; };
		9EDD03F629E432BF00076E0B /* UIApplication+Extenstions.swift */ = {isa = PBXFileReference; lastKnownFileType = sourcecode.swift; path = "UIApplication+Extenstions.swift"; sourceTree = "<group>"; };
		9EDD03F829E438BD00076E0B /* LoginViewModel.swift */ = {isa = PBXFileReference; lastKnownFileType = sourcecode.swift; path = LoginViewModel.swift; sourceTree = "<group>"; };
		9EDD03FA29E440B900076E0B /* LoginCredentials.swift */ = {isa = PBXFileReference; lastKnownFileType = sourcecode.swift; path = LoginCredentials.swift; sourceTree = "<group>"; };
		9EDD03FC29E4411700076E0B /* AuthService.swift */ = {isa = PBXFileReference; lastKnownFileType = sourcecode.swift; path = AuthService.swift; sourceTree = "<group>"; };
		9EDD03FE29E4413800076E0B /* FirebaseCustomError.swift */ = {isa = PBXFileReference; lastKnownFileType = sourcecode.swift; path = FirebaseCustomError.swift; sourceTree = "<group>"; };
		9EDD040229E4440700076E0B /* ServiceAssembly.swift */ = {isa = PBXFileReference; lastKnownFileType = sourcecode.swift; path = ServiceAssembly.swift; sourceTree = "<group>"; };
		9EDD040429E4442B00076E0B /* ViewModelAssembly.swift */ = {isa = PBXFileReference; lastKnownFileType = sourcecode.swift; path = ViewModelAssembly.swift; sourceTree = "<group>"; };
		9EF5BCCF29EC863000742B53 /* RegistrationMainView.swift */ = {isa = PBXFileReference; lastKnownFileType = sourcecode.swift; path = RegistrationMainView.swift; sourceTree = "<group>"; };
		9EF5BCD129EC86E700742B53 /* CircleEmojiView.swift */ = {isa = PBXFileReference; lastKnownFileType = sourcecode.swift; path = CircleEmojiView.swift; sourceTree = "<group>"; };
		9EF5BCD329EC8C5A00742B53 /* RegistrationStepView.swift */ = {isa = PBXFileReference; lastKnownFileType = sourcecode.swift; path = RegistrationStepView.swift; sourceTree = "<group>"; };
		9EF5BCD529EC944600742B53 /* CodeFieldsView.swift */ = {isa = PBXFileReference; lastKnownFileType = sourcecode.swift; path = CodeFieldsView.swift; sourceTree = "<group>"; };
		9EF5BCD729ED49A800742B53 /* ErrorView.swift */ = {isa = PBXFileReference; lastKnownFileType = sourcecode.swift; path = ErrorView.swift; sourceTree = "<group>"; };
		9EF5BCD929ED4CAE00742B53 /* PasswordStatusView.swift */ = {isa = PBXFileReference; lastKnownFileType = sourcecode.swift; path = PasswordStatusView.swift; sourceTree = "<group>"; };
		9EF5BCEA29EDE46800742B53 /* TextField+Extensions.swift */ = {isa = PBXFileReference; lastKnownFileType = sourcecode.swift; path = "TextField+Extensions.swift"; sourceTree = "<group>"; };
		9EF5BCED29EDE59E00742B53 /* RegistrationViewModel.swift */ = {isa = PBXFileReference; lastKnownFileType = sourcecode.swift; path = RegistrationViewModel.swift; sourceTree = "<group>"; };
/* End PBXFileReference section */

/* Begin PBXFrameworksBuildPhase section */
		9EDD03AC29E4085B00076E0B /* Frameworks */ = {
			isa = PBXFrameworksBuildPhase;
			buildActionMask = 2147483647;
			files = (
				0ED2BDDA8B6D69DB4FC19882 /* Pods_Jumpeak.framework in Frameworks */,
			);
			runOnlyForDeploymentPostprocessing = 0;
		};
/* End PBXFrameworksBuildPhase section */

/* Begin PBXGroup section */
		0196A8CF23931277A42089C5 /* Frameworks */ = {
			isa = PBXGroup;
			children = (
				884A4C8B067B5F2977DF36F9 /* Pods_Jumpeak.framework */,
			);
			name = Frameworks;
			sourceTree = "<group>";
		};
		36C0C2E93FBE8322505A856A /* Pods */ = {
			isa = PBXGroup;
			children = (
				58BBB7BCFD507D70010F53BD /* Pods-Jumpeak.debug.xcconfig */,
				7F73D3A10375EF09B9DDCED0 /* Pods-Jumpeak.release.xcconfig */,
			);
			path = Pods;
			sourceTree = "<group>";
		};
		9E5886E929EED11C0010CE62 /* Models */ = {
			isa = PBXGroup;
			children = (
				9E5886EA29EED1240010CE62 /* DefaultState.swift */,
			);
			path = Models;
			sourceTree = "<group>";
		};
		9E7325D729F6D50E00D5D002 /* StepsUser */ = {
			isa = PBXGroup;
			children = (
				9E7325F929F82EDD00D5D002 /* Model */,
				9E7325FC29F85FBF00D5D002 /* ViewModel */,
				9E7325F029F8229400D5D002 /* View */,
				9E7325DB29F6D53500D5D002 /* Common */,
			);
			path = StepsUser;
			sourceTree = "<group>";
		};
		9E7325DB29F6D53500D5D002 /* Common */ = {
			isa = PBXGroup;
			children = (
				9E7325DE29F6D56300D5D002 /* InfoView.swift */,
				9E7325E029F6DDA800D5D002 /* LayoutTags.swift */,
			);
			path = Common;
			sourceTree = "<group>";
		};
		9E7325F029F8229400D5D002 /* View */ = {
			isa = PBXGroup;
			children = (
				9E7325F129F822AE00D5D002 /* SkillsStepView.swift */,
				9E7325F529F829AD00D5D002 /* FirstStepMainView.swift */,
			);
			path = View;
			sourceTree = "<group>";
		};
		9E7325F929F82EDD00D5D002 /* Model */ = {
			isa = PBXGroup;
			children = (
				9E7325FA29F82EF400D5D002 /* HardSkill.swift */,
				9E8B71B129F9AB1200BA4CD0 /* Proffession.swift */,
				9E8B71B529F9ABA400BA4CD0 /* Subject.swift */,
				9E8B71B929F9AC0800BA4CD0 /* SoftSkill.swift */,
				9E7B1DC02A0843E500BA0241 /* SelectedDataUser.swift */,
			);
			path = Model;
			sourceTree = "<group>";
		};
		9E7325FC29F85FBF00D5D002 /* ViewModel */ = {
			isa = PBXGroup;
			children = (
				9E7325FD29F85FDA00D5D002 /* FirstStepViewModel.swift */,
			);
			path = ViewModel;
			sourceTree = "<group>";
		};
		9EDD03A629E4085A00076E0B = {
			isa = PBXGroup;
			children = (
				9EDD03C929E40B3900076E0B /* swiftgen.yml */,
				9EDD03B129E4085B00076E0B /* Jumpeak */,
				9EDD03B229E4085B00076E0B /* JumpeakApp.swift */,
				9EDD03B029E4085B00076E0B /* Products */,
				36C0C2E93FBE8322505A856A /* Pods */,
				0196A8CF23931277A42089C5 /* Frameworks */,
			);
			sourceTree = "<group>";
		};
		9EDD03B029E4085B00076E0B /* Products */ = {
			isa = PBXGroup;
			children = (
				9EDD03AF29E4085B00076E0B /* Jumpeak.app */,
			);
			name = Products;
			sourceTree = "<group>";
		};
		9EDD03B129E4085B00076E0B /* Jumpeak */ = {
			isa = PBXGroup;
			children = (
				9EDD03C029E408C000076E0B /* Recources */,
				9EDD03C429E4097600076E0B /* CoreLayer */,
				9EDD03C329E4096E00076E0B /* ApplicationLayer */,
				9EDD03C529E4097E00076E0B /* PresentationLayer */,
			);
			path = Jumpeak;
			sourceTree = "<group>";
		};
		9EDD03C029E408C000076E0B /* Recources */ = {
			isa = PBXGroup;
			children = (
				9EDD03D829E40E1100076E0B /* Generated */,
				9EDD03D929E40E6700076E0B /* GoogleService-Info.plist */,
				9EDD03B629E4085C00076E0B /* Assets.xcassets */,
				9EDD03C129E408D600076E0B /* Colors.xcassets */,
				9EDD03E129E40F0A00076E0B /* Localizable.strings */,
			);
			path = Recources;
			sourceTree = "<group>";
		};
		9EDD03C329E4096E00076E0B /* ApplicationLayer */ = {
			isa = PBXGroup;
			children = (
				9EDD03C629E40ACD00076E0B /* ApplicationAssembly.swift */,
			);
			path = ApplicationLayer;
			sourceTree = "<group>";
		};
		9EDD03C429E4097600076E0B /* CoreLayer */ = {
			isa = PBXGroup;
			children = (
				9EDD040129E443FE00076E0B /* Assembly */,
				9EDD03CE29E40B8700076E0B /* Model */,
				9EDD03CB29E40B6E00076E0B /* Services */,
			);
			path = CoreLayer;
			sourceTree = "<group>";
		};
		9EDD03C529E4097E00076E0B /* PresentationLayer */ = {
			isa = PBXGroup;
			children = (
				9E7325D729F6D50E00D5D002 /* StepsUser */,
				9E5886E929EED11C0010CE62 /* Models */,
				9EF5BCCD29EC85E500742B53 /* Registration */,
				9EDD040029E4426100076E0B /* Assembly */,
				9EDD03EA29E4191D00076E0B /* Common */,
				9EDD03E329E40FDC00076E0B /* Extensions */,
				9EDD03D529E40C6B00076E0B /* Start */,
				9EDD03ED29E41C4E00076E0B /* Login */,
			);
			path = PresentationLayer;
			sourceTree = "<group>";
		};
		9EDD03CB29E40B6E00076E0B /* Services */ = {
			isa = PBXGroup;
			children = (
				9EDD03CC29E40B7D00076E0B /* SessionService.swift */,
				9EDD03FC29E4411700076E0B /* AuthService.swift */,
				9E7325F729F82BBE00D5D002 /* HardSkillsService.swift */,
				9E8B71AF29F9AAE100BA4CD0 /* ProffesionsService.swift */,
				9E8B71B329F9AB8300BA4CD0 /* SubjectService.swift */,
				9E8B71B729F9ABF900BA4CD0 /* SoftSkillsService.swift */,
			);
			path = Services;
			sourceTree = "<group>";
		};
		9EDD03CE29E40B8700076E0B /* Model */ = {
			isa = PBXGroup;
			children = (
				9EDD03CF29E40B9E00076E0B /* SessionState.swift */,
				9EDD03D129E40BC500076E0B /* FirebaseCollection.swift */,
				9EDD03D329E40BE300076E0B /* User.swift */,
				9EDD03FA29E440B900076E0B /* LoginCredentials.swift */,
				9EDD03FE29E4413800076E0B /* FirebaseCustomError.swift */,
				9E5886E729EECE640010CE62 /* UnregistredUsers.swift */,
			);
			path = Model;
			sourceTree = "<group>";
		};
		9EDD03D529E40C6B00076E0B /* Start */ = {
			isa = PBXGroup;
			children = (
				9EDD03D629E40CCB00076E0B /* StartView.swift */,
			);
			path = Start;
			sourceTree = "<group>";
		};
		9EDD03D829E40E1100076E0B /* Generated */ = {
			isa = PBXGroup;
			children = (
				9EDD03E829E411CB00076E0B /* Strings+Generated.swift */,
				9EDD03DB29E40E8F00076E0B /* XCAssets+Generated.swift */,
			);
			path = Generated;
			sourceTree = "<group>";
		};
		9EDD03E329E40FDC00076E0B /* Extensions */ = {
			isa = PBXGroup;
			children = (
				9EDD03E429E40FEC00076E0B /* View+Extension.swift */,
				9EDD03F029E424B200076E0B /* Image+Extensions.swift */,
				9EDD03F629E432BF00076E0B /* UIApplication+Extenstions.swift */,
				9EF5BCEA29EDE46800742B53 /* TextField+Extensions.swift */,
			);
			path = Extensions;
			sourceTree = "<group>";
		};
		9EDD03EA29E4191D00076E0B /* Common */ = {
			isa = PBXGroup;
			children = (
				9EDD03EB29E4192900076E0B /* AccentButton.swift */,
				9EDD03F229E4251400076E0B /* BackBarButton.swift */,
				9EDD03F429E426CB00076E0B /* CustomTextField.swift */,
				9EF5BCD129EC86E700742B53 /* CircleEmojiView.swift */,
				9EF5BCD729ED49A800742B53 /* ErrorView.swift */,
				9EF5BCD929ED4CAE00742B53 /* PasswordStatusView.swift */,
				9E7325F329F8291900D5D002 /* SearchBarView.swift */,
			);
			path = Common;
			sourceTree = "<group>";
		};
		9EDD03ED29E41C4E00076E0B /* Login */ = {
			isa = PBXGroup;
			children = (
				9EDD03EE29E41C5F00076E0B /* LoginView.swift */,
				9EDD03F829E438BD00076E0B /* LoginViewModel.swift */,
			);
			path = Login;
			sourceTree = "<group>";
		};
		9EDD040029E4426100076E0B /* Assembly */ = {
			isa = PBXGroup;
			children = (
				9EDD040429E4442B00076E0B /* ViewModelAssembly.swift */,
			);
			path = Assembly;
			sourceTree = "<group>";
		};
		9EDD040129E443FE00076E0B /* Assembly */ = {
			isa = PBXGroup;
			children = (
				9EDD040229E4440700076E0B /* ServiceAssembly.swift */,
			);
			path = Assembly;
			sourceTree = "<group>";
		};
		9EF5BCCD29EC85E500742B53 /* Registration */ = {
			isa = PBXGroup;
			children = (
				9EF5BCEC29EDE58F00742B53 /* ViewModel */,
				9EF5BCCE29EC85FE00742B53 /* View */,
			);
			path = Registration;
			sourceTree = "<group>";
		};
		9EF5BCCE29EC85FE00742B53 /* View */ = {
			isa = PBXGroup;
			children = (
				9EF5BCCF29EC863000742B53 /* RegistrationMainView.swift */,
				9EF5BCD329EC8C5A00742B53 /* RegistrationStepView.swift */,
				9EF5BCD529EC944600742B53 /* CodeFieldsView.swift */,
			);
			path = View;
			sourceTree = "<group>";
		};
		9EF5BCEC29EDE58F00742B53 /* ViewModel */ = {
			isa = PBXGroup;
			children = (
				9EF5BCED29EDE59E00742B53 /* RegistrationViewModel.swift */,
			);
			path = ViewModel;
			sourceTree = "<group>";
		};
/* End PBXGroup section */

/* Begin PBXNativeTarget section */
		9EDD03AE29E4085B00076E0B /* Jumpeak */ = {
			isa = PBXNativeTarget;
			buildConfigurationList = 9EDD03BD29E4085C00076E0B /* Build configuration list for PBXNativeTarget "Jumpeak" */;
			buildPhases = (
				21CED8E443E8B8BC04AD8FB9 /* [CP] Check Pods Manifest.lock */,
				9EDD03AB29E4085B00076E0B /* Sources */,
				9EDD03AC29E4085B00076E0B /* Frameworks */,
				9EDD03AD29E4085B00076E0B /* Resources */,
				D7A09649CEAA4BAFEC6608FB /* [CP] Embed Pods Frameworks */,
				9EDD03C829E40B2200076E0B /* Run Script */,
			);
			buildRules = (
			);
			dependencies = (
			);
			name = Jumpeak;
			productName = Jumpeak;
			productReference = 9EDD03AF29E4085B00076E0B /* Jumpeak.app */;
			productType = "com.apple.product-type.application";
		};
/* End PBXNativeTarget section */

/* Begin PBXProject section */
		9EDD03A729E4085A00076E0B /* Project object */ = {
			isa = PBXProject;
			attributes = {
				BuildIndependentTargetsInParallel = 1;
				LastSwiftUpdateCheck = 1410;
				LastUpgradeCheck = 1410;
				TargetAttributes = {
					9EDD03AE29E4085B00076E0B = {
						CreatedOnToolsVersion = 14.1;
					};
				};
			};
			buildConfigurationList = 9EDD03AA29E4085A00076E0B /* Build configuration list for PBXProject "Jumpeak" */;
			compatibilityVersion = "Xcode 14.0";
			developmentRegion = en;
			hasScannedForEncodings = 0;
			knownRegions = (
				en,
				Base,
				ru,
			);
			mainGroup = 9EDD03A629E4085A00076E0B;
			productRefGroup = 9EDD03B029E4085B00076E0B /* Products */;
			projectDirPath = "";
			projectRoot = "";
			targets = (
				9EDD03AE29E4085B00076E0B /* Jumpeak */,
			);
		};
/* End PBXProject section */

/* Begin PBXResourcesBuildPhase section */
		9EDD03AD29E4085B00076E0B /* Resources */ = {
			isa = PBXResourcesBuildPhase;
			buildActionMask = 2147483647;
			files = (
				9EDD03DF29E40F0A00076E0B /* Localizable.strings in Resources */,
				9EDD03C229E408D600076E0B /* Colors.xcassets in Resources */,
				9EDD03B729E4085C00076E0B /* Assets.xcassets in Resources */,
				9EDD03DA29E40E6800076E0B /* GoogleService-Info.plist in Resources */,
				9EDD03CA29E40B3900076E0B /* swiftgen.yml in Resources */,
			);
			runOnlyForDeploymentPostprocessing = 0;
		};
/* End PBXResourcesBuildPhase section */

/* Begin PBXShellScriptBuildPhase section */
		21CED8E443E8B8BC04AD8FB9 /* [CP] Check Pods Manifest.lock */ = {
			isa = PBXShellScriptBuildPhase;
			buildActionMask = 2147483647;
			files = (
			);
			inputFileListPaths = (
			);
			inputPaths = (
				"${PODS_PODFILE_DIR_PATH}/Podfile.lock",
				"${PODS_ROOT}/Manifest.lock",
			);
			name = "[CP] Check Pods Manifest.lock";
			outputFileListPaths = (
			);
			outputPaths = (
				"$(DERIVED_FILE_DIR)/Pods-Jumpeak-checkManifestLockResult.txt",
			);
			runOnlyForDeploymentPostprocessing = 0;
			shellPath = /bin/sh;
			shellScript = "diff \"${PODS_PODFILE_DIR_PATH}/Podfile.lock\" \"${PODS_ROOT}/Manifest.lock\" > /dev/null\nif [ $? != 0 ] ; then\n    # print error to STDERR\n    echo \"error: The sandbox is not in sync with the Podfile.lock. Run 'pod install' or update your CocoaPods installation.\" >&2\n    exit 1\nfi\n# This output is used by Xcode 'outputs' to avoid re-running this script phase.\necho \"SUCCESS\" > \"${SCRIPT_OUTPUT_FILE_0}\"\n";
			showEnvVarsInLog = 0;
		};
		9EDD03C829E40B2200076E0B /* Run Script */ = {
			isa = PBXShellScriptBuildPhase;
			buildActionMask = 2147483647;
			files = (
			);
			inputFileListPaths = (
			);
			inputPaths = (
			);
			name = "Run Script";
			outputFileListPaths = (
			);
			outputPaths = (
			);
			runOnlyForDeploymentPostprocessing = 0;
			shellPath = /bin/sh;
			shellScript = "if [[ -f \"${PODS_ROOT}/SwiftGen/bin/swiftgen\" ]]; then\n  \"${PODS_ROOT}/SwiftGen/bin/swiftgen\"\nelse\n  echo \"warning: SwiftGen is not installed. Run 'pod install --repo-update' to install it.\"\nfi \n";
		};
		D7A09649CEAA4BAFEC6608FB /* [CP] Embed Pods Frameworks */ = {
			isa = PBXShellScriptBuildPhase;
			buildActionMask = 2147483647;
			files = (
			);
			inputFileListPaths = (
				"${PODS_ROOT}/Target Support Files/Pods-Jumpeak/Pods-Jumpeak-frameworks-${CONFIGURATION}-input-files.xcfilelist",
			);
			name = "[CP] Embed Pods Frameworks";
			outputFileListPaths = (
				"${PODS_ROOT}/Target Support Files/Pods-Jumpeak/Pods-Jumpeak-frameworks-${CONFIGURATION}-output-files.xcfilelist",
			);
			runOnlyForDeploymentPostprocessing = 0;
			shellPath = /bin/sh;
			shellScript = "\"${PODS_ROOT}/Target Support Files/Pods-Jumpeak/Pods-Jumpeak-frameworks.sh\"\n";
			showEnvVarsInLog = 0;
		};
/* End PBXShellScriptBuildPhase section */

/* Begin PBXSourcesBuildPhase section */
		9EDD03AB29E4085B00076E0B /* Sources */ = {
			isa = PBXSourcesBuildPhase;
			buildActionMask = 2147483647;
			files = (
				9EDD03FB29E440B900076E0B /* LoginCredentials.swift in Sources */,
				9E7325DF29F6D56300D5D002 /* InfoView.swift in Sources */,
				9EF5BCDA29ED4CAE00742B53 /* PasswordStatusView.swift in Sources */,
				9E7325FE29F85FDA00D5D002 /* FirstStepViewModel.swift in Sources */,
				9EF5BCD229EC86E700742B53 /* CircleEmojiView.swift in Sources */,
				9E5886E829EECE640010CE62 /* UnregistredUsers.swift in Sources */,
				9EF5BCD029EC863000742B53 /* RegistrationMainView.swift in Sources */,
				9EDD03D229E40BC500076E0B /* FirebaseCollection.swift in Sources */,
				9EDD03CD29E40B7D00076E0B /* SessionService.swift in Sources */,
				9EDD040329E4440700076E0B /* ServiceAssembly.swift in Sources */,
				9E8B71B429F9AB8300BA4CD0 /* SubjectService.swift in Sources */,
				9EDD03F329E4251400076E0B /* BackBarButton.swift in Sources */,
				9E8B71B629F9ABA400BA4CD0 /* Subject.swift in Sources */,
				9EF5BCD829ED49A800742B53 /* ErrorView.swift in Sources */,
				9E8B71B229F9AB1200BA4CD0 /* Proffession.swift in Sources */,
				9EDD03D429E40BE300076E0B /* User.swift in Sources */,
				9EDD03EC29E4192900076E0B /* AccentButton.swift in Sources */,
				9EDD03FD29E4411700076E0B /* AuthService.swift in Sources */,
				9EDD03DC29E40E8F00076E0B /* XCAssets+Generated.swift in Sources */,
				9E7325F229F822AE00D5D002 /* SkillsStepView.swift in Sources */,
				9EDD03E529E40FEC00076E0B /* View+Extension.swift in Sources */,
				9E8B71BA29F9AC0800BA4CD0 /* SoftSkill.swift in Sources */,
				9E7325E129F6DDA800D5D002 /* LayoutTags.swift in Sources */,
				9EF5BCD629EC944600742B53 /* CodeFieldsView.swift in Sources */,
				9EF5BCD429EC8C5A00742B53 /* RegistrationStepView.swift in Sources */,
				9EF5BCEB29EDE46800742B53 /* TextField+Extensions.swift in Sources */,
				9EDD03F129E424B200076E0B /* Image+Extensions.swift in Sources */,
				9E7325F629F829AD00D5D002 /* FirstStepMainView.swift in Sources */,
				9E5886EB29EED1240010CE62 /* DefaultState.swift in Sources */,
				9EDD03C729E40ACD00076E0B /* ApplicationAssembly.swift in Sources */,
				9E8B71B029F9AAE100BA4CD0 /* ProffesionsService.swift in Sources */,
				9EDD03D029E40B9E00076E0B /* SessionState.swift in Sources */,
				9E7B1DC12A0843E500BA0241 /* SelectedDataUser.swift in Sources */,
				9EDD03F929E438BD00076E0B /* LoginViewModel.swift in Sources */,
				9EDD03B329E4085B00076E0B /* JumpeakApp.swift in Sources */,
				9E7325F829F82BBE00D5D002 /* HardSkillsService.swift in Sources */,
				9EDD03FF29E4413800076E0B /* FirebaseCustomError.swift in Sources */,
				9E7325F429F8291900D5D002 /* SearchBarView.swift in Sources */,
				9E7325FB29F82EF400D5D002 /* HardSkill.swift in Sources */,
				9E8B71B829F9ABF900BA4CD0 /* SoftSkillsService.swift in Sources */,
				9EDD040529E4442B00076E0B /* ViewModelAssembly.swift in Sources */,
				9EDD03F729E432BF00076E0B /* UIApplication+Extenstions.swift in Sources */,
				9EF5BCEE29EDE59E00742B53 /* RegistrationViewModel.swift in Sources */,
				9EDD03D729E40CCB00076E0B /* StartView.swift in Sources */,
				9EDD03EF29E41C5F00076E0B /* LoginView.swift in Sources */,
				9EDD03E929E411CB00076E0B /* Strings+Generated.swift in Sources */,
				9EDD03F529E426CB00076E0B /* CustomTextField.swift in Sources */,
			);
			runOnlyForDeploymentPostprocessing = 0;
		};
/* End PBXSourcesBuildPhase section */

/* Begin PBXVariantGroup section */
		9EDD03E129E40F0A00076E0B /* Localizable.strings */ = {
			isa = PBXVariantGroup;
			children = (
				9EDD03E029E40F0A00076E0B /* en */,
				9EDD03E229E40F3000076E0B /* ru */,
			);
			name = Localizable.strings;
			sourceTree = "<group>";
		};
/* End PBXVariantGroup section */

/* Begin XCBuildConfiguration section */
		9EDD03BB29E4085C00076E0B /* Debug */ = {
			isa = XCBuildConfiguration;
			buildSettings = {
				ALWAYS_SEARCH_USER_PATHS = NO;
				CLANG_ANALYZER_LOCALIZABILITY_NONLOCALIZED = YES;
				CLANG_ANALYZER_NONNULL = YES;
				CLANG_ANALYZER_NUMBER_OBJECT_CONVERSION = YES_AGGRESSIVE;
				CLANG_CXX_LANGUAGE_STANDARD = "gnu++20";
				CLANG_ENABLE_MODULES = YES;
				CLANG_ENABLE_OBJC_ARC = YES;
				CLANG_ENABLE_OBJC_WEAK = YES;
				CLANG_WARN_BLOCK_CAPTURE_AUTORELEASING = YES;
				CLANG_WARN_BOOL_CONVERSION = YES;
				CLANG_WARN_COMMA = YES;
				CLANG_WARN_CONSTANT_CONVERSION = YES;
				CLANG_WARN_DEPRECATED_OBJC_IMPLEMENTATIONS = YES;
				CLANG_WARN_DIRECT_OBJC_ISA_USAGE = YES_ERROR;
				CLANG_WARN_DOCUMENTATION_COMMENTS = YES;
				CLANG_WARN_EMPTY_BODY = YES;
				CLANG_WARN_ENUM_CONVERSION = YES;
				CLANG_WARN_INFINITE_RECURSION = YES;
				CLANG_WARN_INT_CONVERSION = YES;
				CLANG_WARN_NON_LITERAL_NULL_CONVERSION = YES;
				CLANG_WARN_OBJC_IMPLICIT_RETAIN_SELF = YES;
				CLANG_WARN_OBJC_LITERAL_CONVERSION = YES;
				CLANG_WARN_OBJC_ROOT_CLASS = YES_ERROR;
				CLANG_WARN_QUOTED_INCLUDE_IN_FRAMEWORK_HEADER = YES;
				CLANG_WARN_RANGE_LOOP_ANALYSIS = YES;
				CLANG_WARN_STRICT_PROTOTYPES = YES;
				CLANG_WARN_SUSPICIOUS_MOVE = YES;
				CLANG_WARN_UNGUARDED_AVAILABILITY = YES_AGGRESSIVE;
				CLANG_WARN_UNREACHABLE_CODE = YES;
				CLANG_WARN__DUPLICATE_METHOD_MATCH = YES;
				COPY_PHASE_STRIP = NO;
				DEBUG_INFORMATION_FORMAT = dwarf;
				ENABLE_STRICT_OBJC_MSGSEND = YES;
				ENABLE_TESTABILITY = YES;
				GCC_C_LANGUAGE_STANDARD = gnu11;
				GCC_DYNAMIC_NO_PIC = NO;
				GCC_NO_COMMON_BLOCKS = YES;
				GCC_OPTIMIZATION_LEVEL = 0;
				GCC_PREPROCESSOR_DEFINITIONS = (
					"DEBUG=1",
					"$(inherited)",
				);
				GCC_WARN_64_TO_32_BIT_CONVERSION = YES;
				GCC_WARN_ABOUT_RETURN_TYPE = YES_ERROR;
				GCC_WARN_UNDECLARED_SELECTOR = YES;
				GCC_WARN_UNINITIALIZED_AUTOS = YES_AGGRESSIVE;
				GCC_WARN_UNUSED_FUNCTION = YES;
				GCC_WARN_UNUSED_VARIABLE = YES;
				IPHONEOS_DEPLOYMENT_TARGET = 16.0;
				MTL_ENABLE_DEBUG_INFO = INCLUDE_SOURCE;
				MTL_FAST_MATH = YES;
				ONLY_ACTIVE_ARCH = YES;
				SDKROOT = iphoneos;
				SWIFT_ACTIVE_COMPILATION_CONDITIONS = DEBUG;
				SWIFT_OPTIMIZATION_LEVEL = "-Onone";
			};
			name = Debug;
		};
		9EDD03BC29E4085C00076E0B /* Release */ = {
			isa = XCBuildConfiguration;
			buildSettings = {
				ALWAYS_SEARCH_USER_PATHS = NO;
				CLANG_ANALYZER_LOCALIZABILITY_NONLOCALIZED = YES;
				CLANG_ANALYZER_NONNULL = YES;
				CLANG_ANALYZER_NUMBER_OBJECT_CONVERSION = YES_AGGRESSIVE;
				CLANG_CXX_LANGUAGE_STANDARD = "gnu++20";
				CLANG_ENABLE_MODULES = YES;
				CLANG_ENABLE_OBJC_ARC = YES;
				CLANG_ENABLE_OBJC_WEAK = YES;
				CLANG_WARN_BLOCK_CAPTURE_AUTORELEASING = YES;
				CLANG_WARN_BOOL_CONVERSION = YES;
				CLANG_WARN_COMMA = YES;
				CLANG_WARN_CONSTANT_CONVERSION = YES;
				CLANG_WARN_DEPRECATED_OBJC_IMPLEMENTATIONS = YES;
				CLANG_WARN_DIRECT_OBJC_ISA_USAGE = YES_ERROR;
				CLANG_WARN_DOCUMENTATION_COMMENTS = YES;
				CLANG_WARN_EMPTY_BODY = YES;
				CLANG_WARN_ENUM_CONVERSION = YES;
				CLANG_WARN_INFINITE_RECURSION = YES;
				CLANG_WARN_INT_CONVERSION = YES;
				CLANG_WARN_NON_LITERAL_NULL_CONVERSION = YES;
				CLANG_WARN_OBJC_IMPLICIT_RETAIN_SELF = YES;
				CLANG_WARN_OBJC_LITERAL_CONVERSION = YES;
				CLANG_WARN_OBJC_ROOT_CLASS = YES_ERROR;
				CLANG_WARN_QUOTED_INCLUDE_IN_FRAMEWORK_HEADER = YES;
				CLANG_WARN_RANGE_LOOP_ANALYSIS = YES;
				CLANG_WARN_STRICT_PROTOTYPES = YES;
				CLANG_WARN_SUSPICIOUS_MOVE = YES;
				CLANG_WARN_UNGUARDED_AVAILABILITY = YES_AGGRESSIVE;
				CLANG_WARN_UNREACHABLE_CODE = YES;
				CLANG_WARN__DUPLICATE_METHOD_MATCH = YES;
				COPY_PHASE_STRIP = NO;
				DEBUG_INFORMATION_FORMAT = "dwarf-with-dsym";
				ENABLE_NS_ASSERTIONS = NO;
				ENABLE_STRICT_OBJC_MSGSEND = YES;
				GCC_C_LANGUAGE_STANDARD = gnu11;
				GCC_NO_COMMON_BLOCKS = YES;
				GCC_WARN_64_TO_32_BIT_CONVERSION = YES;
				GCC_WARN_ABOUT_RETURN_TYPE = YES_ERROR;
				GCC_WARN_UNDECLARED_SELECTOR = YES;
				GCC_WARN_UNINITIALIZED_AUTOS = YES_AGGRESSIVE;
				GCC_WARN_UNUSED_FUNCTION = YES;
				GCC_WARN_UNUSED_VARIABLE = YES;
				IPHONEOS_DEPLOYMENT_TARGET = 16.0;
				MTL_ENABLE_DEBUG_INFO = NO;
				MTL_FAST_MATH = YES;
				SDKROOT = iphoneos;
				SWIFT_COMPILATION_MODE = wholemodule;
				SWIFT_OPTIMIZATION_LEVEL = "-O";
				VALIDATE_PRODUCT = YES;
			};
			name = Release;
		};
		9EDD03BE29E4085C00076E0B /* Debug */ = {
			isa = XCBuildConfiguration;
			baseConfigurationReference = 58BBB7BCFD507D70010F53BD /* Pods-Jumpeak.debug.xcconfig */;
			buildSettings = {
				ASSETCATALOG_COMPILER_APPICON_NAME = AppIcon;
				ASSETCATALOG_COMPILER_GLOBAL_ACCENT_COLOR_NAME = AccentColor;
				CODE_SIGN_STYLE = Automatic;
				CURRENT_PROJECT_VERSION = 1;
				DEVELOPMENT_TEAM = R597ZW5RJ9;
				ENABLE_PREVIEWS = YES;
				GENERATE_INFOPLIST_FILE = YES;
				INFOPLIST_KEY_UIApplicationSceneManifest_Generation = YES;
				INFOPLIST_KEY_UIApplicationSupportsIndirectInputEvents = YES;
				INFOPLIST_KEY_UILaunchScreen_Generation = YES;
				INFOPLIST_KEY_UISupportedInterfaceOrientations_iPad = "UIInterfaceOrientationPortrait UIInterfaceOrientationPortraitUpsideDown UIInterfaceOrientationLandscapeLeft UIInterfaceOrientationLandscapeRight";
				INFOPLIST_KEY_UISupportedInterfaceOrientations_iPhone = "UIInterfaceOrientationPortrait UIInterfaceOrientationLandscapeLeft UIInterfaceOrientationLandscapeRight";
				LD_RUNPATH_SEARCH_PATHS = (
					"$(inherited)",
					"@executable_path/Frameworks",
				);
				MARKETING_VERSION = 1.0;
				PRODUCT_BUNDLE_IDENTIFIER = HazelTanget.Jumpeak;
				PRODUCT_NAME = "$(TARGET_NAME)";
				SWIFT_EMIT_LOC_STRINGS = YES;
				SWIFT_VERSION = 5.0;
				TARGETED_DEVICE_FAMILY = "1,2";
			};
			name = Debug;
		};
		9EDD03BF29E4085C00076E0B /* Release */ = {
			isa = XCBuildConfiguration;
			baseConfigurationReference = 7F73D3A10375EF09B9DDCED0 /* Pods-Jumpeak.release.xcconfig */;
			buildSettings = {
				ASSETCATALOG_COMPILER_APPICON_NAME = AppIcon;
				ASSETCATALOG_COMPILER_GLOBAL_ACCENT_COLOR_NAME = AccentColor;
				CODE_SIGN_STYLE = Automatic;
				CURRENT_PROJECT_VERSION = 1;
				DEVELOPMENT_TEAM = R597ZW5RJ9;
				ENABLE_PREVIEWS = YES;
				GENERATE_INFOPLIST_FILE = YES;
				INFOPLIST_KEY_UIApplicationSceneManifest_Generation = YES;
				INFOPLIST_KEY_UIApplicationSupportsIndirectInputEvents = YES;
				INFOPLIST_KEY_UILaunchScreen_Generation = YES;
				INFOPLIST_KEY_UISupportedInterfaceOrientations_iPad = "UIInterfaceOrientationPortrait UIInterfaceOrientationPortraitUpsideDown UIInterfaceOrientationLandscapeLeft UIInterfaceOrientationLandscapeRight";
				INFOPLIST_KEY_UISupportedInterfaceOrientations_iPhone = "UIInterfaceOrientationPortrait UIInterfaceOrientationLandscapeLeft UIInterfaceOrientationLandscapeRight";
				LD_RUNPATH_SEARCH_PATHS = (
					"$(inherited)",
					"@executable_path/Frameworks",
				);
				MARKETING_VERSION = 1.0;
				PRODUCT_BUNDLE_IDENTIFIER = HazelTanget.Jumpeak;
				PRODUCT_NAME = "$(TARGET_NAME)";
				SWIFT_EMIT_LOC_STRINGS = YES;
				SWIFT_VERSION = 5.0;
				TARGETED_DEVICE_FAMILY = "1,2";
			};
			name = Release;
		};
/* End XCBuildConfiguration section */

/* Begin XCConfigurationList section */
		9EDD03AA29E4085A00076E0B /* Build configuration list for PBXProject "Jumpeak" */ = {
			isa = XCConfigurationList;
			buildConfigurations = (
				9EDD03BB29E4085C00076E0B /* Debug */,
				9EDD03BC29E4085C00076E0B /* Release */,
			);
			defaultConfigurationIsVisible = 0;
			defaultConfigurationName = Release;
		};
		9EDD03BD29E4085C00076E0B /* Build configuration list for PBXNativeTarget "Jumpeak" */ = {
			isa = XCConfigurationList;
			buildConfigurations = (
				9EDD03BE29E4085C00076E0B /* Debug */,
				9EDD03BF29E4085C00076E0B /* Release */,
			);
			defaultConfigurationIsVisible = 0;
			defaultConfigurationName = Release;
		};
/* End XCConfigurationList section */
	};
	rootObject = 9EDD03A729E4085A00076E0B /* Project object */;
}
